
Microsoft Visual Studio Solution File, Format Version 12.00
Project("{2150E333-8FDC-42A3-9474-1A3956D46DE8}") = "src", "src", "{86A69580-F806-47DC-B7EC-F4C13CFBB901}"
EndProject
Project("{2150E333-8FDC-42A3-9474-1A3956D46DE8}") = "test", "test", "{C3E82B9F-7E53-46EE-BD20-7B9203B89A0F}"
EndProject
Project("{2150E333-8FDC-42A3-9474-1A3956D46DE8}") = "UI", "UI", "{F8B8B984-8603-4D1B-8B99-740109136563}"
EndProject
Project("{2150E333-8FDC-42A3-9474-1A3956D46DE8}") = "Core", "Core", "{B519AFF5-E6F4-40B2-991A-DB19B7A24534}"
EndProject
Project("{2150E333-8FDC-42A3-9474-1A3956D46DE8}") = "Infrastructure", "Infrastructure", "{95B85E0A-C610-4F39-B3E5-A2A6A864A8C1}"
EndProject
Project("{2150E333-8FDC-42A3-9474-1A3956D46DE8}") = "API", "API", "{E683574B-BB3D-495B-BB28-B4BC39696F9B}"
EndProject
Project("{FAE04EC0-301F-11D3-BF4B-00C04F79EFBC}") = "HRLeaveManagement.Domain", "src\Core\HRLeaveManagement.Domain\HRLeaveManagement.Domain.csproj", "{F05E37A7-4CF0-44D7-B603-92F3827774CD}"
EndProject
Global
	GlobalSection(SolutionConfigurationPlatforms) = preSolution
		Debug|Any CPU = Debug|Any CPU
		Release|Any CPU = Release|Any CPU
	EndGlobalSection
	GlobalSection(NestedProjects) = preSolution
		{F8B8B984-8603-4D1B-8B99-740109136563} = {86A69580-F806-47DC-B7EC-F4C13CFBB901}
		{B519AFF5-E6F4-40B2-991A-DB19B7A24534} = {86A69580-F806-47DC-B7EC-F4C13CFBB901}
		{95B85E0A-C610-4F39-B3E5-A2A6A864A8C1} = {86A69580-F806-47DC-B7EC-F4C13CFBB901}
		{E683574B-BB3D-495B-BB28-B4BC39696F9B} = {86A69580-F806-47DC-B7EC-F4C13CFBB901}
		{F05E37A7-4CF0-44D7-B603-92F3827774CD} = {B519AFF5-E6F4-40B2-991A-DB19B7A24534}
	EndGlobalSection
	GlobalSection(ProjectConfigurationPlatforms) = postSolution
		{F05E37A7-4CF0-44D7-B603-92F3827774CD}.Debug|Any CPU.ActiveCfg = Debug|Any CPU
		{F05E37A7-4CF0-44D7-B603-92F3827774CD}.Debug|Any CPU.Build.0 = Debug|Any CPU
		{F05E37A7-4CF0-44D7-B603-92F3827774CD}.Release|Any CPU.ActiveCfg = Release|Any CPU
		{F05E37A7-4CF0-44D7-B603-92F3827774CD}.Release|Any CPU.Build.0 = Release|Any CPU
	EndGlobalSection
EndGlobal
