
Microsoft Visual Studio Solution File, Format Version 12.00
Project("{2150E333-8FDC-42A3-9474-1A3956D46DE8}") = "src", "src", "{86A69580-F806-47DC-B7EC-F4C13CFBB901}"
EndProject
Project("{2150E333-8FDC-42A3-9474-1A3956D46DE8}") = "test", "test", "{C3E82B9F-7E53-46EE-BD20-7B9203B89A0F}"
EndProject
Project("{2150E333-8FDC-42A3-9474-1A3956D46DE8}") = "UI", "UI", "{F8B8B984-8603-4D1B-8B99-740109136563}"
EndProject
Project("{2150E333-8FDC-42A3-9474-1A3956D46DE8}") = "Core", "Core", "{B519AFF5-E6F4-40B2-991A-DB19B7A24534}"
EndProject
Project("{2150E333-8FDC-42A3-9474-1A3956D46DE8}") = "Infrastructure", "Infrastructure", "{95B85E0A-C610-4F39-B3E5-A2A6A864A8C1}"
EndProject
Project("{2150E333-8FDC-42A3-9474-1A3956D46DE8}") = "API", "API", "{E683574B-BB3D-495B-BB28-B4BC39696F9B}"
EndProject
Project("{FAE04EC0-301F-11D3-BF4B-00C04F79EFBC}") = "HRLeaveManagement.Domain", "src\Core\HRLeaveManagement.Domain\HRLeaveManagement.Domain.csproj", "{F05E37A7-4CF0-44D7-B603-92F3827774CD}"
EndProject
Project("{FAE04EC0-301F-11D3-BF4B-00C04F79EFBC}") = "HRLeaveManagement.Application", "src\Core\HRLeaveManagement.Application\HRLeaveManagement.Application.csproj", "{B9D85D6F-154A-4FC8-9DCA-71A3A2E7C53F}"
EndProject
Project("{FAE04EC0-301F-11D3-BF4B-00C04F79EFBC}") = "HRLeaveManagement.Persistence", "src\Infrastructure\HRLeaveManagement.Persistence\HRLeaveManagement.Persistence.csproj", "{B0A730D5-03F1-4C37-9D34-6C507FF3AAD0}"
EndProject
Project("{FAE04EC0-301F-11D3-BF4B-00C04F79EFBC}") = "HRLeaveManagement.Infrastructure", "src\Infrastructure\HRLeaveManagement.Infrastructure\HRLeaveManagement.Infrastructure.csproj", "{EF1D03B5-7BE6-46F7-908D-E69F95FB2A4F}"
EndProject
Project("{FAE04EC0-301F-11D3-BF4B-00C04F79EFBC}") = "HRLeaveManagement.WebAPI", "src\API\HRLeaveManagement.WebAPI\HRLeaveManagement.WebAPI.csproj", "{C5846856-EF2C-46E0-BB67-8CE7FE10DF31}"
EndProject
Project("{FAE04EC0-301F-11D3-BF4B-00C04F79EFBC}") = "HRLeaveManagement.UnitTests", "test\HRLeaveManagement.UnitTests\HRLeaveManagement.UnitTests.csproj", "{DEC6CB0C-82C5-4282-A3A9-06B80C038903}"
EndProject
Project("{FAE04EC0-301F-11D3-BF4B-00C04F79EFBC}") = "HRLeaveManagement.BlazorUI", "src\UI\HRLeaveManagement.BlazorUI\HRLeaveManagement.BlazorUI.csproj", "{A20A97B6-E328-4896-896A-DFD6E0A9EC0E}"
EndProject
Global
	GlobalSection(SolutionConfigurationPlatforms) = preSolution
		Debug|Any CPU = Debug|Any CPU
		Release|Any CPU = Release|Any CPU
	EndGlobalSection
	GlobalSection(NestedProjects) = preSolution
		{F8B8B984-8603-4D1B-8B99-740109136563} = {86A69580-F806-47DC-B7EC-F4C13CFBB901}
		{B519AFF5-E6F4-40B2-991A-DB19B7A24534} = {86A69580-F806-47DC-B7EC-F4C13CFBB901}
		{95B85E0A-C610-4F39-B3E5-A2A6A864A8C1} = {86A69580-F806-47DC-B7EC-F4C13CFBB901}
		{E683574B-BB3D-495B-BB28-B4BC39696F9B} = {86A69580-F806-47DC-B7EC-F4C13CFBB901}
		{F05E37A7-4CF0-44D7-B603-92F3827774CD} = {B519AFF5-E6F4-40B2-991A-DB19B7A24534}
		{B9D85D6F-154A-4FC8-9DCA-71A3A2E7C53F} = {B519AFF5-E6F4-40B2-991A-DB19B7A24534}
		{B0A730D5-03F1-4C37-9D34-6C507FF3AAD0} = {95B85E0A-C610-4F39-B3E5-A2A6A864A8C1}
		{EF1D03B5-7BE6-46F7-908D-E69F95FB2A4F} = {95B85E0A-C610-4F39-B3E5-A2A6A864A8C1}
		{C5846856-EF2C-46E0-BB67-8CE7FE10DF31} = {E683574B-BB3D-495B-BB28-B4BC39696F9B}
		{DEC6CB0C-82C5-4282-A3A9-06B80C038903} = {C3E82B9F-7E53-46EE-BD20-7B9203B89A0F}
		{A20A97B6-E328-4896-896A-DFD6E0A9EC0E} = {F8B8B984-8603-4D1B-8B99-740109136563}
	EndGlobalSection
	GlobalSection(ProjectConfigurationPlatforms) = postSolution
		{F05E37A7-4CF0-44D7-B603-92F3827774CD}.Debug|Any CPU.ActiveCfg = Debug|Any CPU
		{F05E37A7-4CF0-44D7-B603-92F3827774CD}.Debug|Any CPU.Build.0 = Debug|Any CPU
		{F05E37A7-4CF0-44D7-B603-92F3827774CD}.Release|Any CPU.ActiveCfg = Release|Any CPU
		{F05E37A7-4CF0-44D7-B603-92F3827774CD}.Release|Any CPU.Build.0 = Release|Any CPU
		{B9D85D6F-154A-4FC8-9DCA-71A3A2E7C53F}.Debug|Any CPU.ActiveCfg = Debug|Any CPU
		{B9D85D6F-154A-4FC8-9DCA-71A3A2E7C53F}.Debug|Any CPU.Build.0 = Debug|Any CPU
		{B9D85D6F-154A-4FC8-9DCA-71A3A2E7C53F}.Release|Any CPU.ActiveCfg = Release|Any CPU
		{B9D85D6F-154A-4FC8-9DCA-71A3A2E7C53F}.Release|Any CPU.Build.0 = Release|Any CPU
		{B0A730D5-03F1-4C37-9D34-6C507FF3AAD0}.Debug|Any CPU.ActiveCfg = Debug|Any CPU
		{B0A730D5-03F1-4C37-9D34-6C507FF3AAD0}.Debug|Any CPU.Build.0 = Debug|Any CPU
		{B0A730D5-03F1-4C37-9D34-6C507FF3AAD0}.Release|Any CPU.ActiveCfg = Release|Any CPU
		{B0A730D5-03F1-4C37-9D34-6C507FF3AAD0}.Release|Any CPU.Build.0 = Release|Any CPU
		{EF1D03B5-7BE6-46F7-908D-E69F95FB2A4F}.Debug|Any CPU.ActiveCfg = Debug|Any CPU
		{EF1D03B5-7BE6-46F7-908D-E69F95FB2A4F}.Debug|Any CPU.Build.0 = Debug|Any CPU
		{EF1D03B5-7BE6-46F7-908D-E69F95FB2A4F}.Release|Any CPU.ActiveCfg = Release|Any CPU
		{EF1D03B5-7BE6-46F7-908D-E69F95FB2A4F}.Release|Any CPU.Build.0 = Release|Any CPU
		{C5846856-EF2C-46E0-BB67-8CE7FE10DF31}.Debug|Any CPU.ActiveCfg = Debug|Any CPU
		{C5846856-EF2C-46E0-BB67-8CE7FE10DF31}.Debug|Any CPU.Build.0 = Debug|Any CPU
		{C5846856-EF2C-46E0-BB67-8CE7FE10DF31}.Release|Any CPU.ActiveCfg = Release|Any CPU
		{C5846856-EF2C-46E0-BB67-8CE7FE10DF31}.Release|Any CPU.Build.0 = Release|Any CPU
		{DEC6CB0C-82C5-4282-A3A9-06B80C038903}.Debug|Any CPU.ActiveCfg = Debug|Any CPU
		{DEC6CB0C-82C5-4282-A3A9-06B80C038903}.Debug|Any CPU.Build.0 = Debug|Any CPU
		{DEC6CB0C-82C5-4282-A3A9-06B80C038903}.Release|Any CPU.ActiveCfg = Release|Any CPU
		{DEC6CB0C-82C5-4282-A3A9-06B80C038903}.Release|Any CPU.Build.0 = Release|Any CPU
		{A20A97B6-E328-4896-896A-DFD6E0A9EC0E}.Debug|Any CPU.ActiveCfg = Debug|Any CPU
		{A20A97B6-E328-4896-896A-DFD6E0A9EC0E}.Debug|Any CPU.Build.0 = Debug|Any CPU
		{A20A97B6-E328-4896-896A-DFD6E0A9EC0E}.Release|Any CPU.ActiveCfg = Release|Any CPU
		{A20A97B6-E328-4896-896A-DFD6E0A9EC0E}.Release|Any CPU.Build.0 = Release|Any CPU
	EndGlobalSection
EndGlobal
